
Microsoft Visual Studio Solution File, Format Version 12.00
# Visual Studio Version 17
VisualStudioVersion = 17.7.34202.233
MinimumVisualStudioVersion = 10.0.40219.1
Project("{FAE04EC0-301F-11D3-BF4B-00C04F79EFBC}") = "ExamenPrograPromedio1", "ExamenPrograPromedio1\ExamenPrograPromedio1.csproj", "{F62C23E6-BCB6-4F80-8EFC-DEBE5AD6441B}"
EndProject
Global
	GlobalSection(SolutionConfigurationPlatforms) = preSolution
		Debug|Any CPU = Debug|Any CPU
		Release|Any CPU = Release|Any CPU
	EndGlobalSection
	GlobalSection(ProjectConfigurationPlatforms) = postSolution
		{F62C23E6-BCB6-4F80-8EFC-DEBE5AD6441B}.Debug|Any CPU.ActiveCfg = Debug|Any CPU
		{F62C23E6-BCB6-4F80-8EFC-DEBE5AD6441B}.Debug|Any CPU.Build.0 = Debug|Any CPU
		{F62C23E6-BCB6-4F80-8EFC-DEBE5AD6441B}.Release|Any CPU.ActiveCfg = Release|Any CPU
		{F62C23E6-BCB6-4F80-8EFC-DEBE5AD6441B}.Release|Any CPU.Build.0 = Release|Any CPU
	EndGlobalSection
	GlobalSection(SolutionProperties) = preSolution
		HideSolutionNode = FALSE
	EndGlobalSection
	GlobalSection(ExtensibilityGlobals) = postSolution
		SolutionGuid = {3D359086-BDC8-49D4-9258-C5AD2CCF32FB}
	EndGlobalSection
EndGlobal
